
Microsoft Visual Studio Solution File, Format Version 12.00
Project("{FAE04EC0-301F-11D3-BF4B-00C04F79EFBC}") = "ConsoleApp6", "ConsoleApp6\ConsoleApp6.csproj", "{930EC7A4-CB71-405C-993D-1E3283AF419C}"
EndProject
Global
	GlobalSection(SolutionConfigurationPlatforms) = preSolution
		Debug|Any CPU = Debug|Any CPU
		Release|Any CPU = Release|Any CPU
	EndGlobalSection
	GlobalSection(ProjectConfigurationPlatforms) = postSolution
		{930EC7A4-CB71-405C-993D-1E3283AF419C}.Debug|Any CPU.ActiveCfg = Debug|Any CPU
		{930EC7A4-CB71-405C-993D-1E3283AF419C}.Debug|Any CPU.Build.0 = Debug|Any CPU
		{930EC7A4-CB71-405C-993D-1E3283AF419C}.Release|Any CPU.ActiveCfg = Release|Any CPU
		{930EC7A4-CB71-405C-993D-1E3283AF419C}.Release|Any CPU.Build.0 = Release|Any CPU
	EndGlobalSection
EndGlobal
